
Microsoft Visual Studio Solution File, Format Version 12.00
# Visual Studio Version 17
VisualStudioVersion = 17.5.33516.290
MinimumVisualStudioVersion = 10.0.40219.1
Project("{FAE04EC0-301F-11D3-BF4B-00C04F79EFBC}") = "CheckWork", "CheckWork\CheckWork.csproj", "{577DAB24-B35F-4383-A84C-8408A5D9F2F2}"
EndProject
Global
	GlobalSection(SolutionConfigurationPlatforms) = preSolution
		Debug|Any CPU = Debug|Any CPU
		Release|Any CPU = Release|Any CPU
	EndGlobalSection
	GlobalSection(ProjectConfigurationPlatforms) = postSolution
		{577DAB24-B35F-4383-A84C-8408A5D9F2F2}.Debug|Any CPU.ActiveCfg = Debug|Any CPU
		{577DAB24-B35F-4383-A84C-8408A5D9F2F2}.Debug|Any CPU.Build.0 = Debug|Any CPU
		{577DAB24-B35F-4383-A84C-8408A5D9F2F2}.Release|Any CPU.ActiveCfg = Release|Any CPU
		{577DAB24-B35F-4383-A84C-8408A5D9F2F2}.Release|Any CPU.Build.0 = Release|Any CPU
	EndGlobalSection
	GlobalSection(SolutionProperties) = preSolution
		HideSolutionNode = FALSE
	EndGlobalSection
	GlobalSection(ExtensibilityGlobals) = postSolution
		SolutionGuid = {A8C9BFE1-65C3-4B1D-A4DD-AB769D93864E}
	EndGlobalSection
EndGlobal
